
Microsoft Visual Studio Solution File, Format Version 12.00
Project("{FAE04EC0-301F-11D3-BF4B-00C04F79EFBC}") = "Spg.WebApplication.AdministrationApp.Domain", "src\Spg.WebApplication.AdministrationApp.Domain\Spg.WebApplication.AdministrationApp.Domain.csproj", "{C972052B-384A-4EAE-879A-2C087B1D1524}"
EndProject
Project("{FAE04EC0-301F-11D3-BF4B-00C04F79EFBC}") = "Spg.WebApplication.Infrastructure", "src\Spg.WebApplication.Infrastructure\Spg.WebApplication.Infrastructure.csproj", "{A8DE2EC4-2F5E-4ECF-A018-E4F86C5A8338}"
EndProject
Project("{FAE04EC0-301F-11D3-BF4B-00C04F79EFBC}") = "Spg.WebApplication.Test", "src\Spg.WebApplication.Test\Spg.WebApplication.Test.csproj", "{98212141-E542-4B97-AC46-536BA2D6EBC9}"
EndProject
Global
	GlobalSection(SolutionConfigurationPlatforms) = preSolution
		Debug|Any CPU = Debug|Any CPU
		Release|Any CPU = Release|Any CPU
	EndGlobalSection
	GlobalSection(ProjectConfigurationPlatforms) = postSolution
		{C972052B-384A-4EAE-879A-2C087B1D1524}.Debug|Any CPU.ActiveCfg = Debug|Any CPU
		{C972052B-384A-4EAE-879A-2C087B1D1524}.Debug|Any CPU.Build.0 = Debug|Any CPU
		{C972052B-384A-4EAE-879A-2C087B1D1524}.Release|Any CPU.ActiveCfg = Release|Any CPU
		{C972052B-384A-4EAE-879A-2C087B1D1524}.Release|Any CPU.Build.0 = Release|Any CPU
		{A8DE2EC4-2F5E-4ECF-A018-E4F86C5A8338}.Debug|Any CPU.ActiveCfg = Debug|Any CPU
		{A8DE2EC4-2F5E-4ECF-A018-E4F86C5A8338}.Debug|Any CPU.Build.0 = Debug|Any CPU
		{A8DE2EC4-2F5E-4ECF-A018-E4F86C5A8338}.Release|Any CPU.ActiveCfg = Release|Any CPU
		{A8DE2EC4-2F5E-4ECF-A018-E4F86C5A8338}.Release|Any CPU.Build.0 = Release|Any CPU
		{98212141-E542-4B97-AC46-536BA2D6EBC9}.Debug|Any CPU.ActiveCfg = Debug|Any CPU
		{98212141-E542-4B97-AC46-536BA2D6EBC9}.Debug|Any CPU.Build.0 = Debug|Any CPU
		{98212141-E542-4B97-AC46-536BA2D6EBC9}.Release|Any CPU.ActiveCfg = Release|Any CPU
		{98212141-E542-4B97-AC46-536BA2D6EBC9}.Release|Any CPU.Build.0 = Release|Any CPU
	EndGlobalSection
EndGlobal
